{
  "originHash" : "a40a5383e6839c4edb746fafdf201c21ffbd95b2407014683b524224a0387853",
  "pins" : [
    {
      "identity" : "aspectanalyzer",
      "kind" : "remoteSourceControl",
      "location" : "https://github.com/1amageek/AspectAnalyzer.git",
      "state" : {
        "branch" : "main",
        "revision" : "70d6c05989a6cd7f7770b1e55882c4b49548796f"
      }
    },
    {
      "identity" : "ollamakit",
      "kind" : "remoteSourceControl",
      "location" : "https://github.com/1amageek/OllamaKit.git",
      "state" : {
        "branch" : "main",
        "revision" : "691604d081e1964f518013e3a291f628a3ac6828"
      }
    },
    {
      "identity" : "openai",
      "kind" : "remoteSourceControl",
      "location" : "https://github.com/MacPaw/OpenAI.git",
      "state" : {
        "branch" : "main",
        "revision" : "add6cfb8e976c383298d6db2305e7989abc822f9"
      }
    },
    {
      "identity" : "remark",
      "kind" : "remoteSourceControl",
      "location" : "https://github.com/1amageek/Remark.git",
      "state" : {
        "branch" : "main",
        "revision" : "fc7df01da2834ecd5b197458fa8d7f9493f6e0cd"
      }
    },
    {
      "identity" : "swift-argument-parser",
      "kind" : "remoteSourceControl",
      "location" : "https://github.com/apple/swift-argument-parser.git",
      "state" : {
        "branch" : "main",
        "revision" : "5f48a1614f296024df7460b5b91fd07bfb4f3c17"
      }
    },
    {
      "identity" : "swift-json-schema",
      "kind" : "remoteSourceControl",
      "location" : "https://github.com/kevinhermawan/swift-json-schema.git",
      "state" : {
        "revision" : "4a9284e44d8ef2bfc863734e9ff535909ae6b27a",
        "version" : "2.0.1"
      }
    },
    {
      "identity" : "swift-log",
      "kind" : "remoteSourceControl",
      "location" : "https://github.com/apple/swift-log.git",
      "state" : {
        "branch" : "main",
        "revision" : "f82ce9631f2f8d56550a151b69338651515641f7"
      }
    },
    {
      "identity" : "swiftretry",
      "kind" : "remoteSourceControl",
      "location" : "https://github.com/1amageek/SwiftRetry.git",
      "state" : {
        "branch" : "main",
        "revision" : "c816b20c168e2cf646caa35a4aa899c8613b3c1f"
      }
    },
    {
      "identity" : "swiftsoup",
      "kind" : "remoteSourceControl",
      "location" : "https://github.com/scinfu/SwiftSoup.git",
      "state" : {
        "branch" : "master",
        "revision" : "cce8a91bbaaae4e9ee2fcc9505e2b0f0f29dab80"
      }
    },
    {
      "identity" : "unknown",
      "kind" : "remoteSourceControl",
      "location" : "https://github.com/1amageek/Unknown.git",
      "state" : {
        "branch" : "main",
        "revision" : "9c616819a174894b15e68e66a7cf41bb7758d92a"
      }
    }
  ],
  "version" : 3
}
