{
  "originHash" : "ba8eddf4a2ff40e3477c3ac44577e364114539427e563625eda1c07c718031f1",
  "pins" : [
    {
      "identity" : "aspectanalyzer",
      "kind" : "remoteSourceControl",
      "location" : "https://github.com/1amageek/AspectAnalyzer.git",
      "state" : {
        "branch" : "main",
        "revision" : "60ba519628cdd7657e15dd64d148ff22e6b9b76e"
      }
    },
    {
      "identity" : "ollamakit",
      "kind" : "remoteSourceControl",
      "location" : "https://github.com/1amageek/OllamaKit.git",
      "state" : {
        "branch" : "main",
        "revision" : "f021e813b9d3368ecfae01d082372b4bc86029e2"
      }
    },
    {
      "identity" : "remark",
      "kind" : "remoteSourceControl",
      "location" : "https://github.com/1amageek/Remark.git",
      "state" : {
        "branch" : "main",
        "revision" : "776b059633504138c79e96d3240acb6a5de1f609"
      }
    },
    {
      "identity" : "selenops",
      "kind" : "remoteSourceControl",
      "location" : "https://github.com/1amageek/Selenops.git",
      "state" : {
        "branch" : "main",
        "revision" : "02ab24ca03347fa8a34c569c35a799f6a99747f6"
      }
    },
    {
      "identity" : "swift-argument-parser",
      "kind" : "remoteSourceControl",
      "location" : "https://github.com/apple/swift-argument-parser.git",
      "state" : {
        "branch" : "main",
        "revision" : "e4009c1616ef861459fe56e05b579e29942fc3d3"
      }
    },
    {
      "identity" : "swift-log",
      "kind" : "remoteSourceControl",
      "location" : "https://github.com/apple/swift-log.git",
      "state" : {
        "branch" : "main",
        "revision" : "da3fdd167fb025c3863ff77b2a98948120cfc3b9"
      }
    },
    {
      "identity" : "swiftsoup",
      "kind" : "remoteSourceControl",
      "location" : "https://github.com/scinfu/SwiftSoup.git",
      "state" : {
        "branch" : "master",
        "revision" : "3c2c7e1e72b8abd96eafbae80323c5c1e5317437"
      }
    }
  ],
  "version" : 3
}
